github.com/HugoBlox/hugo-blox-builder/modules/blox-plugin-netlify v1.1.2-0.20231125204555-f431a4a2c705 h1:by3eQpqEvX+GXb4UeDLQeNa9hRf1YdcBrwN61vATMZs=
github.com/HugoBlox/hugo-blox-builder/modules/blox-plugin-netlify v1.1.2-0.20231125204555-f431a4a2c705/go.mod h1:C7jfxMLv1bEUqbM9XDSmEpfOpS8w06OgqNDEcbuRgL4=
github.com/HugoBlox/hugo-blox-builder/modules/blox-tailwind v0.1.1-0.20231125204555-f431a4a2c705 h1:xes7kKKEwkh34805SMuEmLG85NbSaHo1AtBnb1gZaHA=
github.com/HugoBlox/hugo-blox-builder/modules/blox-tailwind v0.1.1-0.20231125204555-f431a4a2c705/go.mod h1:FO/K1u9E5pV6/56pl8DytwJY9vNLx7OVrtZjIcBoMi0=
